
Microsoft Visual Studio Solution File, Format Version 12.00
# Visual Studio Version 17
VisualStudioVersion = 17.7.34024.191
MinimumVisualStudioVersion = 10.0.40219.1
Project("{FAE04EC0-301F-11D3-BF4B-00C04F79EFBC}") = "Asp_hw1", "Asp_hw1\Asp_hw1.csproj", "{16F235CE-2992-46DC-B835-CC99730D1AE9}"
EndProject
Global
	GlobalSection(SolutionConfigurationPlatforms) = preSolution
		Debug|Any CPU = Debug|Any CPU
		Release|Any CPU = Release|Any CPU
	EndGlobalSection
	GlobalSection(ProjectConfigurationPlatforms) = postSolution
		{16F235CE-2992-46DC-B835-CC99730D1AE9}.Debug|Any CPU.ActiveCfg = Debug|Any CPU
		{16F235CE-2992-46DC-B835-CC99730D1AE9}.Debug|Any CPU.Build.0 = Debug|Any CPU
		{16F235CE-2992-46DC-B835-CC99730D1AE9}.Release|Any CPU.ActiveCfg = Release|Any CPU
		{16F235CE-2992-46DC-B835-CC99730D1AE9}.Release|Any CPU.Build.0 = Release|Any CPU
	EndGlobalSection
	GlobalSection(SolutionProperties) = preSolution
		HideSolutionNode = FALSE
	EndGlobalSection
	GlobalSection(ExtensibilityGlobals) = postSolution
		SolutionGuid = {8775D0D1-B07C-4507-9CFA-5210E3AAEC08}
	EndGlobalSection
EndGlobal
